
Microsoft Visual Studio Solution File, Format Version 12.00
# Visual Studio 15
VisualStudioVersion = 15.0.27703.2047
MinimumVisualStudioVersion = 10.0.40219.1
Project("{8BC9CEB8-8B4A-11D0-8D11-00A0C91BC942}") = "IntroToCPP", "Project1\Project1.vcxproj", "{D07E62FB-FC16-4231-9FBB-75A23AD2AF91}"
EndProject
Project("{8BC9CEB8-8B4A-11D0-8D11-00A0C91BC942}") = "Variables", "Variables\Variables.vcxproj", "{754AB108-049C-4AD7-A28A-6E4F41A0D44D}"
EndProject
Project("{8BC9CEB8-8B4A-11D0-8D11-00A0C91BC942}") = "Conditional Statements", "Conditional Statements\Conditional Statements.vcxproj", "{ECC652BA-4C6E-4279-A767-C85CFB4B1FD8}"
EndProject
Project("{8BC9CEB8-8B4A-11D0-8D11-00A0C91BC942}") = "Loops", "Loops\Loops.vcxproj", "{A1B8A9A6-6A26-4E13-AFF4-8C64AC5053A5}"
EndProject
Project("{8BC9CEB8-8B4A-11D0-8D11-00A0C91BC942}") = "Arrays", "Project2\Project2.vcxproj", "{853164C9-DA34-43D1-AACD-8CE8C7F5B23A}"
EndProject
Global
	GlobalSection(SolutionConfigurationPlatforms) = preSolution
		Debug|x64 = Debug|x64
		Debug|x86 = Debug|x86
		Release|x64 = Release|x64
		Release|x86 = Release|x86
	EndGlobalSection
	GlobalSection(ProjectConfigurationPlatforms) = postSolution
		{D07E62FB-FC16-4231-9FBB-75A23AD2AF91}.Debug|x64.ActiveCfg = Debug|x64
		{D07E62FB-FC16-4231-9FBB-75A23AD2AF91}.Debug|x64.Build.0 = Debug|x64
		{D07E62FB-FC16-4231-9FBB-75A23AD2AF91}.Debug|x86.ActiveCfg = Debug|Win32
		{D07E62FB-FC16-4231-9FBB-75A23AD2AF91}.Debug|x86.Build.0 = Debug|Win32
		{D07E62FB-FC16-4231-9FBB-75A23AD2AF91}.Release|x64.ActiveCfg = Release|x64
		{D07E62FB-FC16-4231-9FBB-75A23AD2AF91}.Release|x64.Build.0 = Release|x64
		{D07E62FB-FC16-4231-9FBB-75A23AD2AF91}.Release|x86.ActiveCfg = Release|Win32
		{D07E62FB-FC16-4231-9FBB-75A23AD2AF91}.Release|x86.Build.0 = Release|Win32
		{754AB108-049C-4AD7-A28A-6E4F41A0D44D}.Debug|x64.ActiveCfg = Debug|x64
		{754AB108-049C-4AD7-A28A-6E4F41A0D44D}.Debug|x64.Build.0 = Debug|x64
		{754AB108-049C-4AD7-A28A-6E4F41A0D44D}.Debug|x86.ActiveCfg = Debug|Win32
		{754AB108-049C-4AD7-A28A-6E4F41A0D44D}.Debug|x86.Build.0 = Debug|Win32
		{754AB108-049C-4AD7-A28A-6E4F41A0D44D}.Release|x64.ActiveCfg = Release|x64
		{754AB108-049C-4AD7-A28A-6E4F41A0D44D}.Release|x64.Build.0 = Release|x64
		{754AB108-049C-4AD7-A28A-6E4F41A0D44D}.Release|x86.ActiveCfg = Release|Win32
		{754AB108-049C-4AD7-A28A-6E4F41A0D44D}.Release|x86.Build.0 = Release|Win32
		{ECC652BA-4C6E-4279-A767-C85CFB4B1FD8}.Debug|x64.ActiveCfg = Debug|x64
		{ECC652BA-4C6E-4279-A767-C85CFB4B1FD8}.Debug|x64.Build.0 = Debug|x64
		{ECC652BA-4C6E-4279-A767-C85CFB4B1FD8}.Debug|x86.ActiveCfg = Debug|Win32
		{ECC652BA-4C6E-4279-A767-C85CFB4B1FD8}.Debug|x86.Build.0 = Debug|Win32
		{ECC652BA-4C6E-4279-A767-C85CFB4B1FD8}.Release|x64.ActiveCfg = Release|x64
		{ECC652BA-4C6E-4279-A767-C85CFB4B1FD8}.Release|x64.Build.0 = Release|x64
		{ECC652BA-4C6E-4279-A767-C85CFB4B1FD8}.Release|x86.ActiveCfg = Release|Win32
		{ECC652BA-4C6E-4279-A767-C85CFB4B1FD8}.Release|x86.Build.0 = Release|Win32
		{A1B8A9A6-6A26-4E13-AFF4-8C64AC5053A5}.Debug|x64.ActiveCfg = Debug|x64
		{A1B8A9A6-6A26-4E13-AFF4-8C64AC5053A5}.Debug|x64.Build.0 = Debug|x64
		{A1B8A9A6-6A26-4E13-AFF4-8C64AC5053A5}.Debug|x86.ActiveCfg = Debug|Win32
		{A1B8A9A6-6A26-4E13-AFF4-8C64AC5053A5}.Debug|x86.Build.0 = Debug|Win32
		{A1B8A9A6-6A26-4E13-AFF4-8C64AC5053A5}.Release|x64.ActiveCfg = Release|x64
		{A1B8A9A6-6A26-4E13-AFF4-8C64AC5053A5}.Release|x64.Build.0 = Release|x64
		{A1B8A9A6-6A26-4E13-AFF4-8C64AC5053A5}.Release|x86.ActiveCfg = Release|Win32
		{A1B8A9A6-6A26-4E13-AFF4-8C64AC5053A5}.Release|x86.Build.0 = Release|Win32
		{853164C9-DA34-43D1-AACD-8CE8C7F5B23A}.Debug|x64.ActiveCfg = Debug|x64
		{853164C9-DA34-43D1-AACD-8CE8C7F5B23A}.Debug|x64.Build.0 = Debug|x64
		{853164C9-DA34-43D1-AACD-8CE8C7F5B23A}.Debug|x86.ActiveCfg = Debug|Win32
		{853164C9-DA34-43D1-AACD-8CE8C7F5B23A}.Debug|x86.Build.0 = Debug|Win32
		{853164C9-DA34-43D1-AACD-8CE8C7F5B23A}.Release|x64.ActiveCfg = Release|x64
		{853164C9-DA34-43D1-AACD-8CE8C7F5B23A}.Release|x64.Build.0 = Release|x64
		{853164C9-DA34-43D1-AACD-8CE8C7F5B23A}.Release|x86.ActiveCfg = Release|Win32
		{853164C9-DA34-43D1-AACD-8CE8C7F5B23A}.Release|x86.Build.0 = Release|Win32
	EndGlobalSection
	GlobalSection(SolutionProperties) = preSolution
		HideSolutionNode = FALSE
	EndGlobalSection
	GlobalSection(ExtensibilityGlobals) = postSolution
		SolutionGuid = {5C661303-1D15-4F69-B6D3-F2AE34014DFD}
	EndGlobalSection
EndGlobal
